
Microsoft Visual Studio Solution File, Format Version 12.00
# Visual Studio 15
VisualStudioVersion = 15.0.27130.2027
MinimumVisualStudioVersion = 10.0.40219.1
Project("{9A19103F-16F7-4668-BE54-9A1E7A4F7556}") = "EnterChatWeb", "EnterChatWeb\EnterChatWeb.csproj", "{AE94B32C-BEF5-4564-B174-D4BB4CB36425}"
EndProject
Global
	GlobalSection(SolutionConfigurationPlatforms) = preSolution
		Debug|Any CPU = Debug|Any CPU
		Release|Any CPU = Release|Any CPU
	EndGlobalSection
	GlobalSection(ProjectConfigurationPlatforms) = postSolution
		{AE94B32C-BEF5-4564-B174-D4BB4CB36425}.Debug|Any CPU.ActiveCfg = Debug|Any CPU
		{AE94B32C-BEF5-4564-B174-D4BB4CB36425}.Debug|Any CPU.Build.0 = Debug|Any CPU
		{AE94B32C-BEF5-4564-B174-D4BB4CB36425}.Release|Any CPU.ActiveCfg = Release|Any CPU
		{AE94B32C-BEF5-4564-B174-D4BB4CB36425}.Release|Any CPU.Build.0 = Release|Any CPU
	EndGlobalSection
	GlobalSection(SolutionProperties) = preSolution
		HideSolutionNode = FALSE
	EndGlobalSection
	GlobalSection(ExtensibilityGlobals) = postSolution
		SolutionGuid = {BF5F0D87-0E87-45EC-AC64-DCD16728B00B}
	EndGlobalSection
EndGlobal
